// !$*UTF8*$!
{
	archiveVersion = 1;
	classes = {
	};
	objectVersion = 50;
	objects = {

/* Begin PBXBuildFile section */
		947AEFE42629FAF000BF2B56 /* BerlinClockUIApp.swift in Sources */ = {isa = PBXBuildFile; fileRef = 947AEFE32629FAF000BF2B56 /* BerlinClockUIApp.swift */; };
		947AEFE62629FAF000BF2B56 /* ContentView.swift in Sources */ = {isa = PBXBuildFile; fileRef = 947AEFE52629FAF000BF2B56 /* ContentView.swift */; };
		947AEFE82629FAF200BF2B56 /* Assets.xcassets in Resources */ = {isa = PBXBuildFile; fileRef = 947AEFE72629FAF200BF2B56 /* Assets.xcassets */; };
		947AEFEB2629FAF200BF2B56 /* Preview Assets.xcassets in Resources */ = {isa = PBXBuildFile; fileRef = 947AEFEA2629FAF200BF2B56 /* Preview Assets.xcassets */; };
		947AEFF62629FAF300BF2B56 /* BerlinClockUITests.swift in Sources */ = {isa = PBXBuildFile; fileRef = 947AEFF52629FAF300BF2B56 /* BerlinClockUITests.swift */; };
		947AF0012629FAF300BF2B56 /* BerlinClockUIUITests.swift in Sources */ = {isa = PBXBuildFile; fileRef = 947AF0002629FAF300BF2B56 /* BerlinClockUIUITests.swift */; };
		947AF012262A00CB00BF2B56 /* BerlinClock.swift in Sources */ = {isa = PBXBuildFile; fileRef = 947AF011262A00CB00BF2B56 /* BerlinClock.swift */; };
/* End PBXBuildFile section */

/* Begin PBXContainerItemProxy section */
		947AEFF22629FAF300BF2B56 /* PBXContainerItemProxy */ = {
			isa = PBXContainerItemProxy;
			containerPortal = 947AEFD82629FAF000BF2B56 /* Project object */;
			proxyType = 1;
			remoteGlobalIDString = 947AEFDF2629FAF000BF2B56;
			remoteInfo = BerlinClockUI;
		};
		947AEFFD2629FAF300BF2B56 /* PBXContainerItemProxy */ = {
			isa = PBXContainerItemProxy;
			containerPortal = 947AEFD82629FAF000BF2B56 /* Project object */;
			proxyType = 1;
			remoteGlobalIDString = 947AEFDF2629FAF000BF2B56;
			remoteInfo = BerlinClockUI;
		};
/* End PBXContainerItemProxy section */

/* Begin PBXFileReference section */
		947AEFE02629FAF000BF2B56 /* BerlinClockUI.app */ = {isa = PBXFileReference; explicitFileType = wrapper.application; includeInIndex = 0; path = BerlinClockUI.app; sourceTree = BUILT_PRODUCTS_DIR; };
		947AEFE32629FAF000BF2B56 /* BerlinClockUIApp.swift */ = {isa = PBXFileReference; lastKnownFileType = sourcecode.swift; path = BerlinClockUIApp.swift; sourceTree = "<group>"; };
		947AEFE52629FAF000BF2B56 /* ContentView.swift */ = {isa = PBXFileReference; lastKnownFileType = sourcecode.swift; path = ContentView.swift; sourceTree = "<group>"; };
		947AEFE72629FAF200BF2B56 /* Assets.xcassets */ = {isa = PBXFileReference; lastKnownFileType = folder.assetcatalog; path = Assets.xcassets; sourceTree = "<group>"; };
		947AEFEA2629FAF200BF2B56 /* Preview Assets.xcassets */ = {isa = PBXFileReference; lastKnownFileType = folder.assetcatalog; path = "Preview Assets.xcassets"; sourceTree = "<group>"; };
		947AEFEC2629FAF200BF2B56 /* Info.plist */ = {isa = PBXFileReference; lastKnownFileType = text.plist.xml; path = Info.plist; sourceTree = "<group>"; };
		947AEFF12629FAF300BF2B56 /* BerlinClockUITests.xctest */ = {isa = PBXFileReference; explicitFileType = wrapper.cfbundle; includeInIndex = 0; path = BerlinClockUITests.xctest; sourceTree = BUILT_PRODUCTS_DIR; };
		947AEFF52629FAF300BF2B56 /* BerlinClockUITests.swift */ = {isa = PBXFileReference; lastKnownFileType = sourcecode.swift; path = BerlinClockUITests.swift; sourceTree = "<group>"; };
		947AEFF72629FAF300BF2B56 /* Info.plist */ = {isa = PBXFileReference; lastKnownFileType = text.plist.xml; path = Info.plist; sourceTree = "<group>"; };
		947AEFFC2629FAF300BF2B56 /* BerlinClockUIUITests.xctest */ = {isa = PBXFileReference; explicitFileType = wrapper.cfbundle; includeInIndex = 0; path = BerlinClockUIUITests.xctest; sourceTree = BUILT_PRODUCTS_DIR; };
		947AF0002629FAF300BF2B56 /* BerlinClockUIUITests.swift */ = {isa = PBXFileReference; lastKnownFileType = sourcecode.swift; path = BerlinClockUIUITests.swift; sourceTree = "<group>"; };
		947AF0022629FAF300BF2B56 /* Info.plist */ = {isa = PBXFileReference; lastKnownFileType = text.plist.xml; path = Info.plist; sourceTree = "<group>"; };
		947AF011262A00CB00BF2B56 /* BerlinClock.swift */ = {isa = PBXFileReference; lastKnownFileType = sourcecode.swift; path = BerlinClock.swift; sourceTree = "<group>"; };
/* End PBXFileReference section */

/* Begin PBXFrameworksBuildPhase section */
		947AEFDD2629FAF000BF2B56 /* Frameworks */ = {
			isa = PBXFrameworksBuildPhase;
			buildActionMask = 2147483647;
			files = (
			);
			runOnlyForDeploymentPostprocessing = 0;
		};
		947AEFEE2629FAF300BF2B56 /* Frameworks */ = {
			isa = PBXFrameworksBuildPhase;
			buildActionMask = 2147483647;
			files = (
			);
			runOnlyForDeploymentPostprocessing = 0;
		};
		947AEFF92629FAF300BF2B56 /* Frameworks */ = {
			isa = PBXFrameworksBuildPhase;
			buildActionMask = 2147483647;
			files = (
			);
			runOnlyForDeploymentPostprocessing = 0;
		};
/* End PBXFrameworksBuildPhase section */

/* Begin PBXGroup section */
		947AEFD72629FAF000BF2B56 = {
			isa = PBXGroup;
			children = (
				947AEFE22629FAF000BF2B56 /* BerlinClockUI */,
				947AEFF42629FAF300BF2B56 /* BerlinClockUITests */,
				947AEFFF2629FAF300BF2B56 /* BerlinClockUIUITests */,
				947AEFE12629FAF000BF2B56 /* Products */,
			);
			sourceTree = "<group>";
		};
		947AEFE12629FAF000BF2B56 /* Products */ = {
			isa = PBXGroup;
			children = (
				947AEFE02629FAF000BF2B56 /* BerlinClockUI.app */,
				947AEFF12629FAF300BF2B56 /* BerlinClockUITests.xctest */,
				947AEFFC2629FAF300BF2B56 /* BerlinClockUIUITests.xctest */,
			);
			name = Products;
			sourceTree = "<group>";
		};
		947AEFE22629FAF000BF2B56 /* BerlinClockUI */ = {
			isa = PBXGroup;
			children = (
				947AEFE32629FAF000BF2B56 /* BerlinClockUIApp.swift */,
				947AEFE52629FAF000BF2B56 /* ContentView.swift */,
				947AEFE72629FAF200BF2B56 /* Assets.xcassets */,
				947AEFEC2629FAF200BF2B56 /* Info.plist */,
				947AEFE92629FAF200BF2B56 /* Preview Content */,
				947AF011262A00CB00BF2B56 /* BerlinClock.swift */,
			);
			path = BerlinClockUI;
			sourceTree = "<group>";
		};
		947AEFE92629FAF200BF2B56 /* Preview Content */ = {
			isa = PBXGroup;
			children = (
				947AEFEA2629FAF200BF2B56 /* Preview Assets.xcassets */,
			);
			path = "Preview Content";
			sourceTree = "<group>";
		};
		947AEFF42629FAF300BF2B56 /* BerlinClockUITests */ = {
			isa = PBXGroup;
			children = (
				947AEFF52629FAF300BF2B56 /* BerlinClockUITests.swift */,
				947AEFF72629FAF300BF2B56 /* Info.plist */,
			);
			path = BerlinClockUITests;
			sourceTree = "<group>";
		};
		947AEFFF2629FAF300BF2B56 /* BerlinClockUIUITests */ = {
			isa = PBXGroup;
			children = (
				947AF0002629FAF300BF2B56 /* BerlinClockUIUITests.swift */,
				947AF0022629FAF300BF2B56 /* Info.plist */,
			);
			path = BerlinClockUIUITests;
			sourceTree = "<group>";
		};
/* End PBXGroup section */

/* Begin PBXNativeTarget section */
		947AEFDF2629FAF000BF2B56 /* BerlinClockUI */ = {
			isa = PBXNativeTarget;
			buildConfigurationList = 947AF0052629FAF300BF2B56 /* Build configuration list for PBXNativeTarget "BerlinClockUI" */;
			buildPhases = (
				947AEFDC2629FAF000BF2B56 /* Sources */,
				947AEFDD2629FAF000BF2B56 /* Frameworks */,
				947AEFDE2629FAF000BF2B56 /* Resources */,
			);
			buildRules = (
			);
			dependencies = (
			);
			name = BerlinClockUI;
			productName = BerlinClockUI;
			productReference = 947AEFE02629FAF000BF2B56 /* BerlinClockUI.app */;
			productType = "com.apple.product-type.application";
		};
		947AEFF02629FAF300BF2B56 /* BerlinClockUITests */ = {
			isa = PBXNativeTarget;
			buildConfigurationList = 947AF0082629FAF300BF2B56 /* Build configuration list for PBXNativeTarget "BerlinClockUITests" */;
			buildPhases = (
				947AEFED2629FAF300BF2B56 /* Sources */,
				947AEFEE2629FAF300BF2B56 /* Frameworks */,
				947AEFEF2629FAF300BF2B56 /* Resources */,
			);
			buildRules = (
			);
			dependencies = (
				947AEFF32629FAF300BF2B56 /* PBXTargetDependency */,
			);
			name = BerlinClockUITests;
			productName = BerlinClockUITests;
			productReference = 947AEFF12629FAF300BF2B56 /* BerlinClockUITests.xctest */;
			productType = "com.apple.product-type.bundle.unit-test";
		};
		947AEFFB2629FAF300BF2B56 /* BerlinClockUIUITests */ = {
			isa = PBXNativeTarget;
			buildConfigurationList = 947AF00B2629FAF300BF2B56 /* Build configuration list for PBXNativeTarget "BerlinClockUIUITests" */;
			buildPhases = (
				947AEFF82629FAF300BF2B56 /* Sources */,
				947AEFF92629FAF300BF2B56 /* Frameworks */,
				947AEFFA2629FAF300BF2B56 /* Resources */,
			);
			buildRules = (
			);
			dependencies = (
				947AEFFE2629FAF300BF2B56 /* PBXTargetDependency */,
			);
			name = BerlinClockUIUITests;
			productName = BerlinClockUIUITests;
			productReference = 947AEFFC2629FAF300BF2B56 /* BerlinClockUIUITests.xctest */;
			productType = "com.apple.product-type.bundle.ui-testing";
		};
/* End PBXNativeTarget section */

/* Begin PBXProject section */
		947AEFD82629FAF000BF2B56 /* Project object */ = {
			isa = PBXProject;
			attributes = {
				LastSwiftUpdateCheck = 1220;
				LastUpgradeCheck = 1220;
				TargetAttributes = {
					947AEFDF2629FAF000BF2B56 = {
						CreatedOnToolsVersion = 12.2;
					};
					947AEFF02629FAF300BF2B56 = {
						CreatedOnToolsVersion = 12.2;
						TestTargetID = 947AEFDF2629FAF000BF2B56;
					};
					947AEFFB2629FAF300BF2B56 = {
						CreatedOnToolsVersion = 12.2;
						TestTargetID = 947AEFDF2629FAF000BF2B56;
					};
				};
			};
			buildConfigurationList = 947AEFDB2629FAF000BF2B56 /* Build configuration list for PBXProject "BerlinClockUI" */;
			compatibilityVersion = "Xcode 9.3";
			developmentRegion = en;
			hasScannedForEncodings = 0;
			knownRegions = (
				en,
				Base,
			);
			mainGroup = 947AEFD72629FAF000BF2B56;
			productRefGroup = 947AEFE12629FAF000BF2B56 /* Products */;
			projectDirPath = "";
			projectRoot = "";
			targets = (
				947AEFDF2629FAF000BF2B56 /* BerlinClockUI */,
				947AEFF02629FAF300BF2B56 /* BerlinClockUITests */,
				947AEFFB2629FAF300BF2B56 /* BerlinClockUIUITests */,
			);
		};
/* End PBXProject section */

/* Begin PBXResourcesBuildPhase section */
		947AEFDE2629FAF000BF2B56 /* Resources */ = {
			isa = PBXResourcesBuildPhase;
			buildActionMask = 2147483647;
			files = (
				947AEFEB2629FAF200BF2B56 /* Preview Assets.xcassets in Resources */,
				947AEFE82629FAF200BF2B56 /* Assets.xcassets in Resources */,
			);
			runOnlyForDeploymentPostprocessing = 0;
		};
		947AEFEF2629FAF300BF2B56 /* Resources */ = {
			isa = PBXResourcesBuildPhase;
			buildActionMask = 2147483647;
			files = (
			);
			runOnlyForDeploymentPostprocessing = 0;
		};
		947AEFFA2629FAF300BF2B56 /* Resources */ = {
			isa = PBXResourcesBuildPhase;
			buildActionMask = 2147483647;
			files = (
			);
			runOnlyForDeploymentPostprocessing = 0;
		};
/* End PBXResourcesBuildPhase section */

/* Begin PBXSourcesBuildPhase section */
		947AEFDC2629FAF000BF2B56 /* Sources */ = {
			isa = PBXSourcesBuildPhase;
			buildActionMask = 2147483647;
			files = (
				947AEFE62629FAF000BF2B56 /* ContentView.swift in Sources */,
				947AEFE42629FAF000BF2B56 /* BerlinClockUIApp.swift in Sources */,
				947AF012262A00CB00BF2B56 /* BerlinClock.swift in Sources */,
			);
			runOnlyForDeploymentPostprocessing = 0;
		};
		947AEFED2629FAF300BF2B56 /* Sources */ = {
			isa = PBXSourcesBuildPhase;
			buildActionMask = 2147483647;
			files = (
				947AEFF62629FAF300BF2B56 /* BerlinClockUITests.swift in Sources */,
			);
			runOnlyForDeploymentPostprocessing = 0;
		};
		947AEFF82629FAF300BF2B56 /* Sources */ = {
			isa = PBXSourcesBuildPhase;
			buildActionMask = 2147483647;
			files = (
				947AF0012629FAF300BF2B56 /* BerlinClockUIUITests.swift in Sources */,
			);
			runOnlyForDeploymentPostprocessing = 0;
		};
/* End PBXSourcesBuildPhase section */

/* Begin PBXTargetDependency section */
		947AEFF32629FAF300BF2B56 /* PBXTargetDependency */ = {
			isa = PBXTargetDependency;
			target = 947AEFDF2629FAF000BF2B56 /* BerlinClockUI */;
			targetProxy = 947AEFF22629FAF300BF2B56 /* PBXContainerItemProxy */;
		};
		947AEFFE2629FAF300BF2B56 /* PBXTargetDependency */ = {
			isa = PBXTargetDependency;
			target = 947AEFDF2629FAF000BF2B56 /* BerlinClockUI */;
			targetProxy = 947AEFFD2629FAF300BF2B56 /* PBXContainerItemProxy */;
		};
/* End PBXTargetDependency section */

/* Begin XCBuildConfiguration section */
		947AF0032629FAF300BF2B56 /* Debug */ = {
			isa = XCBuildConfiguration;
			buildSettings = {
				ALWAYS_SEARCH_USER_PATHS = NO;
				CLANG_ANALYZER_NONNULL = YES;
				CLANG_ANALYZER_NUMBER_OBJECT_CONVERSION = YES_AGGRESSIVE;
				CLANG_CXX_LANGUAGE_STANDARD = "gnu++14";
				CLANG_CXX_LIBRARY = "libc++";
				CLANG_ENABLE_MODULES = YES;
				CLANG_ENABLE_OBJC_ARC = YES;
				CLANG_ENABLE_OBJC_WEAK = YES;
				CLANG_WARN_BLOCK_CAPTURE_AUTORELEASING = YES;
				CLANG_WARN_BOOL_CONVERSION = YES;
				CLANG_WARN_COMMA = YES;
				CLANG_WARN_CONSTANT_CONVERSION = YES;
				CLANG_WARN_DEPRECATED_OBJC_IMPLEMENTATIONS = YES;
				CLANG_WARN_DIRECT_OBJC_ISA_USAGE = YES_ERROR;
				CLANG_WARN_DOCUMENTATION_COMMENTS = YES;
				CLANG_WARN_EMPTY_BODY = YES;
				CLANG_WARN_ENUM_CONVERSION = YES;
				CLANG_WARN_INFINITE_RECURSION = YES;
				CLANG_WARN_INT_CONVERSION = YES;
				CLANG_WARN_NON_LITERAL_NULL_CONVERSION = YES;
				CLANG_WARN_OBJC_IMPLICIT_RETAIN_SELF = YES;
				CLANG_WARN_OBJC_LITERAL_CONVERSION = YES;
				CLANG_WARN_OBJC_ROOT_CLASS = YES_ERROR;
				CLANG_WARN_QUOTED_INCLUDE_IN_FRAMEWORK_HEADER = YES;
				CLANG_WARN_RANGE_LOOP_ANALYSIS = YES;
				CLANG_WARN_STRICT_PROTOTYPES = YES;
				CLANG_WARN_SUSPICIOUS_MOVE = YES;
				CLANG_WARN_UNGUARDED_AVAILABILITY = YES_AGGRESSIVE;
				CLANG_WARN_UNREACHABLE_CODE = YES;
				CLANG_WARN__DUPLICATE_METHOD_MATCH = YES;
				COPY_PHASE_STRIP = NO;
				DEBUG_INFORMATION_FORMAT = dwarf;
				ENABLE_STRICT_OBJC_MSGSEND = YES;
				ENABLE_TESTABILITY = YES;
				GCC_C_LANGUAGE_STANDARD = gnu11;
				GCC_DYNAMIC_NO_PIC = NO;
				GCC_NO_COMMON_BLOCKS = YES;
				GCC_OPTIMIZATION_LEVEL = 0;
				GCC_PREPROCESSOR_DEFINITIONS = (
					"DEBUG=1",
					"$(inherited)",
				);
				GCC_WARN_64_TO_32_BIT_CONVERSION = YES;
				GCC_WARN_ABOUT_RETURN_TYPE = YES_ERROR;
				GCC_WARN_UNDECLARED_SELECTOR = YES;
				GCC_WARN_UNINITIALIZED_AUTOS = YES_AGGRESSIVE;
				GCC_WARN_UNUSED_FUNCTION = YES;
				GCC_WARN_UNUSED_VARIABLE = YES;
				IPHONEOS_DEPLOYMENT_TARGET = 14.2;
				MTL_ENABLE_DEBUG_INFO = INCLUDE_SOURCE;
				MTL_FAST_MATH = YES;
				ONLY_ACTIVE_ARCH = YES;
				SDKROOT = iphoneos;
				SWIFT_ACTIVE_COMPILATION_CONDITIONS = DEBUG;
				SWIFT_OPTIMIZATION_LEVEL = "-Onone";
			};
			name = Debug;
		};
		947AF0042629FAF300BF2B56 /* Release */ = {
			isa = XCBuildConfiguration;
			buildSettings = {
				ALWAYS_SEARCH_USER_PATHS = NO;
				CLANG_ANALYZER_NONNULL = YES;
				CLANG_ANALYZER_NUMBER_OBJECT_CONVERSION = YES_AGGRESSIVE;
				CLANG_CXX_LANGUAGE_STANDARD = "gnu++14";
				CLANG_CXX_LIBRARY = "libc++";
				CLANG_ENABLE_MODULES = YES;
				CLANG_ENABLE_OBJC_ARC = YES;
				CLANG_ENABLE_OBJC_WEAK = YES;
				CLANG_WARN_BLOCK_CAPTURE_AUTORELEASING = YES;
				CLANG_WARN_BOOL_CONVERSION = YES;
				CLANG_WARN_COMMA = YES;
				CLANG_WARN_CONSTANT_CONVERSION = YES;
				CLANG_WARN_DEPRECATED_OBJC_IMPLEMENTATIONS = YES;
				CLANG_WARN_DIRECT_OBJC_ISA_USAGE = YES_ERROR;
				CLANG_WARN_DOCUMENTATION_COMMENTS = YES;
				CLANG_WARN_EMPTY_BODY = YES;
				CLANG_WARN_ENUM_CONVERSION = YES;
				CLANG_WARN_INFINITE_RECURSION = YES;
				CLANG_WARN_INT_CONVERSION = YES;
				CLANG_WARN_NON_LITERAL_NULL_CONVERSION = YES;
				CLANG_WARN_OBJC_IMPLICIT_RETAIN_SELF = YES;
				CLANG_WARN_OBJC_LITERAL_CONVERSION = YES;
				CLANG_WARN_OBJC_ROOT_CLASS = YES_ERROR;
				CLANG_WARN_QUOTED_INCLUDE_IN_FRAMEWORK_HEADER = YES;
				CLANG_WARN_RANGE_LOOP_ANALYSIS = YES;
				CLANG_WARN_STRICT_PROTOTYPES = YES;
				CLANG_WARN_SUSPICIOUS_MOVE = YES;
				CLANG_WARN_UNGUARDED_AVAILABILITY = YES_AGGRESSIVE;
				CLANG_WARN_UNREACHABLE_CODE = YES;
				CLANG_WARN__DUPLICATE_METHOD_MATCH = YES;
				COPY_PHASE_STRIP = NO;
				DEBUG_INFORMATION_FORMAT = "dwarf-with-dsym";
				ENABLE_NS_ASSERTIONS = NO;
				ENABLE_STRICT_OBJC_MSGSEND = YES;
				GCC_C_LANGUAGE_STANDARD = gnu11;
				GCC_NO_COMMON_BLOCKS = YES;
				GCC_WARN_64_TO_32_BIT_CONVERSION = YES;
				GCC_WARN_ABOUT_RETURN_TYPE = YES_ERROR;
				GCC_WARN_UNDECLARED_SELECTOR = YES;
				GCC_WARN_UNINITIALIZED_AUTOS = YES_AGGRESSIVE;
				GCC_WARN_UNUSED_FUNCTION = YES;
				GCC_WARN_UNUSED_VARIABLE = YES;
				IPHONEOS_DEPLOYMENT_TARGET = 14.2;
				MTL_ENABLE_DEBUG_INFO = NO;
				MTL_FAST_MATH = YES;
				SDKROOT = iphoneos;
				SWIFT_COMPILATION_MODE = wholemodule;
				SWIFT_OPTIMIZATION_LEVEL = "-O";
				VALIDATE_PRODUCT = YES;
			};
			name = Release;
		};
		947AF0062629FAF300BF2B56 /* Debug */ = {
			isa = XCBuildConfiguration;
			buildSettings = {
				ASSETCATALOG_COMPILER_APPICON_NAME = AppIcon;
				ASSETCATALOG_COMPILER_GLOBAL_ACCENT_COLOR_NAME = AccentColor;
				CODE_SIGN_STYLE = Automatic;
				DEVELOPMENT_ASSET_PATHS = "\"BerlinClockUI/Preview Content\"";
				DEVELOPMENT_TEAM = MR3ZCLML35;
				ENABLE_PREVIEWS = YES;
				INFOPLIST_FILE = BerlinClockUI/Info.plist;
				IPHONEOS_DEPLOYMENT_TARGET = 14.0;
				LD_RUNPATH_SEARCH_PATHS = (
					"$(inherited)",
					"@executable_path/Frameworks",
				);
				PRODUCT_BUNDLE_IDENTIFIER = fr.freekit.BerlinClockUI;
				PRODUCT_NAME = "$(TARGET_NAME)";
				SWIFT_VERSION = 5.0;
				TARGETED_DEVICE_FAMILY = "1,2";
			};
			name = Debug;
		};
		947AF0072629FAF300BF2B56 /* Release */ = {
			isa = XCBuildConfiguration;
			buildSettings = {
				ASSETCATALOG_COMPILER_APPICON_NAME = AppIcon;
				ASSETCATALOG_COMPILER_GLOBAL_ACCENT_COLOR_NAME = AccentColor;
				CODE_SIGN_STYLE = Automatic;
				DEVELOPMENT_ASSET_PATHS = "\"BerlinClockUI/Preview Content\"";
				DEVELOPMENT_TEAM = MR3ZCLML35;
				ENABLE_PREVIEWS = YES;
				INFOPLIST_FILE = BerlinClockUI/Info.plist;
				IPHONEOS_DEPLOYMENT_TARGET = 14.0;
				LD_RUNPATH_SEARCH_PATHS = (
					"$(inherited)",
					"@executable_path/Frameworks",
				);
				PRODUCT_BUNDLE_IDENTIFIER = fr.freekit.BerlinClockUI;
				PRODUCT_NAME = "$(TARGET_NAME)";
				SWIFT_VERSION = 5.0;
				TARGETED_DEVICE_FAMILY = "1,2";
			};
			name = Release;
		};
		947AF0092629FAF300BF2B56 /* Debug */ = {
			isa = XCBuildConfiguration;
			buildSettings = {
				ALWAYS_EMBED_SWIFT_STANDARD_LIBRARIES = YES;
				BUNDLE_LOADER = "$(TEST_HOST)";
				CODE_SIGN_STYLE = Automatic;
				DEVELOPMENT_TEAM = MR3ZCLML35;
				INFOPLIST_FILE = BerlinClockUITests/Info.plist;
				IPHONEOS_DEPLOYMENT_TARGET = 14.0;
				LD_RUNPATH_SEARCH_PATHS = (
					"$(inherited)",
					"@executable_path/Frameworks",
					"@loader_path/Frameworks",
				);
				PRODUCT_BUNDLE_IDENTIFIER = fr.freekit.BerlinClockUITests;
				PRODUCT_NAME = "$(TARGET_NAME)";
				SWIFT_VERSION = 5.0;
				TARGETED_DEVICE_FAMILY = "1,2";
				TEST_HOST = "$(BUILT_PRODUCTS_DIR)/BerlinClockUI.app/BerlinClockUI";
			};
			name = Debug;
		};
		947AF00A2629FAF300BF2B56 /* Release */ = {
			isa = XCBuildConfiguration;
			buildSettings = {
				ALWAYS_EMBED_SWIFT_STANDARD_LIBRARIES = YES;
				BUNDLE_LOADER = "$(TEST_HOST)";
				CODE_SIGN_STYLE = Automatic;
				DEVELOPMENT_TEAM = MR3ZCLML35;
				INFOPLIST_FILE = BerlinClockUITests/Info.plist;
				IPHONEOS_DEPLOYMENT_TARGET = 14.0;
				LD_RUNPATH_SEARCH_PATHS = (
					"$(inherited)",
					"@executable_path/Frameworks",
					"@loader_path/Frameworks",
				);
				PRODUCT_BUNDLE_IDENTIFIER = fr.freekit.BerlinClockUITests;
				PRODUCT_NAME = "$(TARGET_NAME)";
				SWIFT_VERSION = 5.0;
				TARGETED_DEVICE_FAMILY = "1,2";
				TEST_HOST = "$(BUILT_PRODUCTS_DIR)/BerlinClockUI.app/BerlinClockUI";
			};
			name = Release;
		};
		947AF00C2629FAF300BF2B56 /* Debug */ = {
			isa = XCBuildConfiguration;
			buildSettings = {
				ALWAYS_EMBED_SWIFT_STANDARD_LIBRARIES = YES;
				CODE_SIGN_STYLE = Automatic;
				DEVELOPMENT_TEAM = MR3ZCLML35;
				INFOPLIST_FILE = BerlinClockUIUITests/Info.plist;
				LD_RUNPATH_SEARCH_PATHS = (
					"$(inherited)",
					"@executable_path/Frameworks",
					"@loader_path/Frameworks",
				);
				PRODUCT_BUNDLE_IDENTIFIER = fr.freekit.BerlinClockUIUITests;
				PRODUCT_NAME = "$(TARGET_NAME)";
				SWIFT_VERSION = 5.0;
				TARGETED_DEVICE_FAMILY = "1,2";
				TEST_TARGET_NAME = BerlinClockUI;
			};
			name = Debug;
		};
		947AF00D2629FAF300BF2B56 /* Release */ = {
			isa = XCBuildConfiguration;
			buildSettings = {
				ALWAYS_EMBED_SWIFT_STANDARD_LIBRARIES = YES;
				CODE_SIGN_STYLE = Automatic;
				DEVELOPMENT_TEAM = MR3ZCLML35;
				INFOPLIST_FILE = BerlinClockUIUITests/Info.plist;
				LD_RUNPATH_SEARCH_PATHS = (
					"$(inherited)",
					"@executable_path/Frameworks",
					"@loader_path/Frameworks",
				);
				PRODUCT_BUNDLE_IDENTIFIER = fr.freekit.BerlinClockUIUITests;
				PRODUCT_NAME = "$(TARGET_NAME)";
				SWIFT_VERSION = 5.0;
				TARGETED_DEVICE_FAMILY = "1,2";
				TEST_TARGET_NAME = BerlinClockUI;
			};
			name = Release;
		};
/* End XCBuildConfiguration section */

/* Begin XCConfigurationList section */
		947AEFDB2629FAF000BF2B56 /* Build configuration list for PBXProject "BerlinClockUI" */ = {
			isa = XCConfigurationList;
			buildConfigurations = (
				947AF0032629FAF300BF2B56 /* Debug */,
				947AF0042629FAF300BF2B56 /* Release */,
			);
			defaultConfigurationIsVisible = 0;
			defaultConfigurationName = Release;
		};
		947AF0052629FAF300BF2B56 /* Build configuration list for PBXNativeTarget "BerlinClockUI" */ = {
			isa = XCConfigurationList;
			buildConfigurations = (
				947AF0062629FAF300BF2B56 /* Debug */,
				947AF0072629FAF300BF2B56 /* Release */,
			);
			defaultConfigurationIsVisible = 0;
			defaultConfigurationName = Release;
		};
		947AF0082629FAF300BF2B56 /* Build configuration list for PBXNativeTarget "BerlinClockUITests" */ = {
			isa = XCConfigurationList;
			buildConfigurations = (
				947AF0092629FAF300BF2B56 /* Debug */,
				947AF00A2629FAF300BF2B56 /* Release */,
			);
			defaultConfigurationIsVisible = 0;
			defaultConfigurationName = Release;
		};
		947AF00B2629FAF300BF2B56 /* Build configuration list for PBXNativeTarget "BerlinClockUIUITests" */ = {
			isa = XCConfigurationList;
			buildConfigurations = (
				947AF00C2629FAF300BF2B56 /* Debug */,
				947AF00D2629FAF300BF2B56 /* Release */,
			);
			defaultConfigurationIsVisible = 0;
			defaultConfigurationName = Release;
		};
/* End XCConfigurationList section */
	};
	rootObject = 947AEFD82629FAF000BF2B56 /* Project object */;
}
